
Microsoft Visual Studio Solution File, Format Version 12.00
# Visual Studio Version 16
VisualStudioVersion = 16.0.29905.134
MinimumVisualStudioVersion = 10.0.40219.1
Project("{8BC9CEB8-8B4A-11D0-8D11-00A0C91BC942}") = "MineCord2", "MineCord2\MineCord2.vcxproj", "{88F4AEAA-1D64-459A-BE2C-13BE8FEEDD4B}"
EndProject
Global
	GlobalSection(SolutionConfigurationPlatforms) = preSolution
		Debug|ARM = Debug|ARM
		Debug|ARM64 = Debug|ARM64
		Debug|x64 = Debug|x64
		Debug|x86 = Debug|x86
		Release|ARM = Release|ARM
		Release|ARM64 = Release|ARM64
		Release|x64 = Release|x64
		Release|x86 = Release|x86
	EndGlobalSection
	GlobalSection(ProjectConfigurationPlatforms) = postSolution
		{88F4AEAA-1D64-459A-BE2C-13BE8FEEDD4B}.Debug|ARM.ActiveCfg = Debug|ARM
		{88F4AEAA-1D64-459A-BE2C-13BE8FEEDD4B}.Debug|ARM.Build.0 = Debug|ARM
		{88F4AEAA-1D64-459A-BE2C-13BE8FEEDD4B}.Debug|ARM.Deploy.0 = Debug|ARM
		{88F4AEAA-1D64-459A-BE2C-13BE8FEEDD4B}.Debug|ARM64.ActiveCfg = Debug|ARM64
		{88F4AEAA-1D64-459A-BE2C-13BE8FEEDD4B}.Debug|ARM64.Build.0 = Debug|ARM64
		{88F4AEAA-1D64-459A-BE2C-13BE8FEEDD4B}.Debug|ARM64.Deploy.0 = Debug|ARM64
		{88F4AEAA-1D64-459A-BE2C-13BE8FEEDD4B}.Debug|x64.ActiveCfg = Debug|x64
		{88F4AEAA-1D64-459A-BE2C-13BE8FEEDD4B}.Debug|x64.Build.0 = Debug|x64
		{88F4AEAA-1D64-459A-BE2C-13BE8FEEDD4B}.Debug|x64.Deploy.0 = Debug|x64
		{88F4AEAA-1D64-459A-BE2C-13BE8FEEDD4B}.Debug|x86.ActiveCfg = Debug|x86
		{88F4AEAA-1D64-459A-BE2C-13BE8FEEDD4B}.Debug|x86.Build.0 = Debug|x86
		{88F4AEAA-1D64-459A-BE2C-13BE8FEEDD4B}.Debug|x86.Deploy.0 = Debug|x86
		{88F4AEAA-1D64-459A-BE2C-13BE8FEEDD4B}.Release|ARM.ActiveCfg = Release|ARM
		{88F4AEAA-1D64-459A-BE2C-13BE8FEEDD4B}.Release|ARM.Build.0 = Release|ARM
		{88F4AEAA-1D64-459A-BE2C-13BE8FEEDD4B}.Release|ARM.Deploy.0 = Release|ARM
		{88F4AEAA-1D64-459A-BE2C-13BE8FEEDD4B}.Release|ARM64.ActiveCfg = Release|ARM64
		{88F4AEAA-1D64-459A-BE2C-13BE8FEEDD4B}.Release|ARM64.Build.0 = Release|ARM64
		{88F4AEAA-1D64-459A-BE2C-13BE8FEEDD4B}.Release|ARM64.Deploy.0 = Release|ARM64
		{88F4AEAA-1D64-459A-BE2C-13BE8FEEDD4B}.Release|x64.ActiveCfg = Release|x64
		{88F4AEAA-1D64-459A-BE2C-13BE8FEEDD4B}.Release|x64.Build.0 = Release|x64
		{88F4AEAA-1D64-459A-BE2C-13BE8FEEDD4B}.Release|x64.Deploy.0 = Release|x64
		{88F4AEAA-1D64-459A-BE2C-13BE8FEEDD4B}.Release|x86.ActiveCfg = Release|x86
		{88F4AEAA-1D64-459A-BE2C-13BE8FEEDD4B}.Release|x86.Build.0 = Release|x86
		{88F4AEAA-1D64-459A-BE2C-13BE8FEEDD4B}.Release|x86.Deploy.0 = Release|x86
	EndGlobalSection
	GlobalSection(SolutionProperties) = preSolution
		HideSolutionNode = FALSE
	EndGlobalSection
	GlobalSection(ExtensibilityGlobals) = postSolution
		SolutionGuid = {26E9D35C-5C30-4E99-A0C1-0ABABE0F2336}
	EndGlobalSection
EndGlobal
